
Microsoft Visual Studio Solution File, Format Version 12.00
Project("{2150E333-8FDC-42A3-9474-1A3956D46DE8}") = "common", "common", "{C4E24701-9926-4B18-85D9-80D5D4E55EB4}"
ProjectSection(SolutionItems) = preProject
	.gitignore = .gitignore
	README.md = README.md
EndProjectSection
EndProject
Project("{2150E333-8FDC-42A3-9474-1A3956D46DE8}") = "src", "src", "{99E12177-8982-409C-B1CD-F21F86EF80A1}"
EndProject
Project("{2150E333-8FDC-42A3-9474-1A3956D46DE8}") = "tests", "tests", "{AD5AE5F8-A9F1-4E71-AA3D-9E50AA933D77}"
EndProject
Project("{FAE04EC0-301F-11D3-BF4B-00C04F79EFBC}") = "OzonEdu.Merchandise", "src\OzonEdu.Merchandise\OzonEdu.Merchandise.csproj", "{7984D94B-FC74-4420-A4B3-C641521B4C5B}"
EndProject
Project("{2150E333-8FDC-42A3-9474-1A3956D46DE8}") = "deploy", "deploy", "{93F376E8-7D8A-4D19-B5B9-4D3E3538EB74}"
ProjectSection(SolutionItems) = preProject
	Dockerfile = Dockerfile
	deploy\docker-compose.yml = deploy\docker-compose.yml
EndProjectSection
EndProject
Project("{FAE04EC0-301F-11D3-BF4B-00C04F79EFBC}") = "OzonEdu.Merchandise.Infrastructure", "src\OzonEdu.Merchandise.Infrastructure\OzonEdu.Merchandise.Infrastructure.csproj", "{A47FBF0C-56A5-468E-BBB4-CBFD5684F634}"
EndProject
Project("{FAE04EC0-301F-11D3-BF4B-00C04F79EFBC}") = "OzonEdu.Merchandise.Grpc", "src\OzonEdu.Merchandise.Grpc\OzonEdu.Merchandise.Grpc.csproj", "{81218A00-93CA-416E-9901-961006128FD4}"
EndProject
Project("{FAE04EC0-301F-11D3-BF4B-00C04F79EFBC}") = "OzonEdu.Merchandise.Models", "src\OzonEdu.Merchandise.Models\OzonEdu.Merchandise.Models.csproj", "{1D0B489D-AF57-43B9-8CD9-5637C26E2E46}"
EndProject
Project("{FAE04EC0-301F-11D3-BF4B-00C04F79EFBC}") = "OzonEdu.Merchandise.Client", "src\OzonEdu.Merchandise.Client\OzonEdu.Merchandise.Client.csproj", "{3B2A8D98-C987-4E45-B25F-761BDFB9E674}"
EndProject
Project("{FAE04EC0-301F-11D3-BF4B-00C04F79EFBC}") = "OzonEdu.Merchandise.Domain", "OzonEdu.Merchandise.Domain\OzonEdu.Merchandise.Domain.csproj", "{B0055079-60C5-4673-BAA9-AF1FA820F947}"
EndProject
Project("{FAE04EC0-301F-11D3-BF4B-00C04F79EFBC}") = "OzonEdu.Merchandise.Domain.Tests", "tests\OzonEdu.Merchandise.Domain.Tests\OzonEdu.Merchandise.Domain.Tests.csproj", "{4FC4FB0D-6F52-40F1-BCBA-8A84E3A71AD4}"
EndProject
Project("{FAE04EC0-301F-11D3-BF4B-00C04F79EFBC}") = "OzonEdu.Merchandise.Application", "src\OzonEdu.Merchandise.Application\OzonEdu.Merchandise.Application.csproj", "{F09BC855-E979-43B7-BCD8-C682AD979197}"
EndProject

Global
	GlobalSection(SolutionConfigurationPlatforms) = preSolution
		Debug|Any CPU = Debug|Any CPU
		Release|Any CPU = Release|Any CPU
	EndGlobalSection
	GlobalSection(ProjectConfigurationPlatforms) = postSolution
		{7984D94B-FC74-4420-A4B3-C641521B4C5B}.Debug|Any CPU.ActiveCfg = Debug|Any CPU
		{7984D94B-FC74-4420-A4B3-C641521B4C5B}.Debug|Any CPU.Build.0 = Debug|Any CPU
		{7984D94B-FC74-4420-A4B3-C641521B4C5B}.Release|Any CPU.ActiveCfg = Release|Any CPU
		{7984D94B-FC74-4420-A4B3-C641521B4C5B}.Release|Any CPU.Build.0 = Release|Any CPU
		{A47FBF0C-56A5-468E-BBB4-CBFD5684F634}.Debug|Any CPU.ActiveCfg = Debug|Any CPU
		{A47FBF0C-56A5-468E-BBB4-CBFD5684F634}.Debug|Any CPU.Build.0 = Debug|Any CPU
		{A47FBF0C-56A5-468E-BBB4-CBFD5684F634}.Release|Any CPU.ActiveCfg = Release|Any CPU
		{A47FBF0C-56A5-468E-BBB4-CBFD5684F634}.Release|Any CPU.Build.0 = Release|Any CPU
		{81218A00-93CA-416E-9901-961006128FD4}.Debug|Any CPU.ActiveCfg = Debug|Any CPU
		{81218A00-93CA-416E-9901-961006128FD4}.Debug|Any CPU.Build.0 = Debug|Any CPU
		{81218A00-93CA-416E-9901-961006128FD4}.Release|Any CPU.ActiveCfg = Release|Any CPU
		{81218A00-93CA-416E-9901-961006128FD4}.Release|Any CPU.Build.0 = Release|Any CPU
		{1D0B489D-AF57-43B9-8CD9-5637C26E2E46}.Debug|Any CPU.ActiveCfg = Debug|Any CPU
		{1D0B489D-AF57-43B9-8CD9-5637C26E2E46}.Debug|Any CPU.Build.0 = Debug|Any CPU
		{1D0B489D-AF57-43B9-8CD9-5637C26E2E46}.Release|Any CPU.ActiveCfg = Release|Any CPU
		{1D0B489D-AF57-43B9-8CD9-5637C26E2E46}.Release|Any CPU.Build.0 = Release|Any CPU
		{3B2A8D98-C987-4E45-B25F-761BDFB9E674}.Debug|Any CPU.ActiveCfg = Debug|Any CPU
		{3B2A8D98-C987-4E45-B25F-761BDFB9E674}.Debug|Any CPU.Build.0 = Debug|Any CPU
		{3B2A8D98-C987-4E45-B25F-761BDFB9E674}.Release|Any CPU.ActiveCfg = Release|Any CPU
		{3B2A8D98-C987-4E45-B25F-761BDFB9E674}.Release|Any CPU.Build.0 = Release|Any CPU

		{B0055079-60C5-4673-BAA9-AF1FA820F947}.Debug|Any CPU.ActiveCfg = Debug|Any CPU
		{B0055079-60C5-4673-BAA9-AF1FA820F947}.Debug|Any CPU.Build.0 = Debug|Any CPU
		{B0055079-60C5-4673-BAA9-AF1FA820F947}.Release|Any CPU.ActiveCfg = Release|Any CPU
		{B0055079-60C5-4673-BAA9-AF1FA820F947}.Release|Any CPU.Build.0 = Release|Any CPU
		{4FC4FB0D-6F52-40F1-BCBA-8A84E3A71AD4}.Debug|Any CPU.ActiveCfg = Debug|Any CPU
		{4FC4FB0D-6F52-40F1-BCBA-8A84E3A71AD4}.Debug|Any CPU.Build.0 = Debug|Any CPU
		{4FC4FB0D-6F52-40F1-BCBA-8A84E3A71AD4}.Release|Any CPU.ActiveCfg = Release|Any CPU
		{4FC4FB0D-6F52-40F1-BCBA-8A84E3A71AD4}.Release|Any CPU.Build.0 = Release|Any CPU

		{F09BC855-E979-43B7-BCD8-C682AD979197}.Debug|Any CPU.ActiveCfg = Debug|Any CPU
		{F09BC855-E979-43B7-BCD8-C682AD979197}.Debug|Any CPU.Build.0 = Debug|Any CPU
		{F09BC855-E979-43B7-BCD8-C682AD979197}.Release|Any CPU.ActiveCfg = Release|Any CPU
		{F09BC855-E979-43B7-BCD8-C682AD979197}.Release|Any CPU.Build.0 = Release|Any CPU
	EndGlobalSection
	GlobalSection(NestedProjects) = preSolution
		{7984D94B-FC74-4420-A4B3-C641521B4C5B} = {99E12177-8982-409C-B1CD-F21F86EF80A1}
		{A47FBF0C-56A5-468E-BBB4-CBFD5684F634} = {99E12177-8982-409C-B1CD-F21F86EF80A1}
		{81218A00-93CA-416E-9901-961006128FD4} = {99E12177-8982-409C-B1CD-F21F86EF80A1}
		{1D0B489D-AF57-43B9-8CD9-5637C26E2E46} = {99E12177-8982-409C-B1CD-F21F86EF80A1}
		{3B2A8D98-C987-4E45-B25F-761BDFB9E674} = {99E12177-8982-409C-B1CD-F21F86EF80A1}

		{B0055079-60C5-4673-BAA9-AF1FA820F947} = {99E12177-8982-409C-B1CD-F21F86EF80A1}
		{4FC4FB0D-6F52-40F1-BCBA-8A84E3A71AD4} = {AD5AE5F8-A9F1-4E71-AA3D-9E50AA933D77}

		{F09BC855-E979-43B7-BCD8-C682AD979197} = {99E12177-8982-409C-B1CD-F21F86EF80A1}
	EndGlobalSection
EndGlobal
